<?xml version="1.0" encoding="utf-8"?>
<Project ToolsVersion="4.0" xmlns="http://schemas.microsoft.com/developer/msbuild/2003">
  <ItemGroup>
    <Filter Include="Source Files">
      <UniqueIdentifier>{4FC737F1-C7A5-4376-A066-2A32D752A2FF}</UniqueIdentifier>
      <Extensions>cpp;c;cc;cxx;def;odl;idl;hpj;bat;asm;asmx</Extensions>
    </Filter>
    <Filter Include="Header Files">
      <UniqueIdentifier>{93995380-89BD-4b04-88EB-625FBE52EBFB}</UniqueIdentifier>
      <Extensions>h;hh;hpp;hxx;hm;inl;inc;xsd</Extensions>
    </Filter>
    <Filter Include="Resource Files">
      <UniqueIdentifier>{67DA6AB6-F800-4c08-8B7A-83BB121AAD01}</UniqueIdentifier>
      <Extensions>rc;ico;cur;bmp;dlg;rc2;rct;bin;rgs;gif;jpg;jpeg;jpe;resx;tiff;tif;png;wav;mfcribbon-ms</Extensions>
    </Filter>
    <Filter Include="Fonts">
      <UniqueIdentifier>{7de018a7-978a-42a7-939d-d696e6d666c1}</UniqueIdentifier>
    </Filter>
  </ItemGroup>
  <ItemGroup>
    <None Include="KamadoControl.ino" />
  </ItemGroup>
  <ItemGroup>
    <ClInclude Include="__vm\.KamadoControl.vsarduino.h">
      <Filter>Header Files</Filter>
    </ClInclude>
    <ClInclude Include="AutoResetEvent.h">
      <Filter>Header Files</Filter>
    </ClInclude>
    <ClInclude Include="Battery.h">
      <Filter>Header Files</Filter>
    </ClInclude>
    <ClInclude Include="Logo.h">
      <Filter>Header Files</Filter>
    </ClInclude>
    <ClInclude Include="Screen.h">
      <Filter>Header Files</Filter>
    </ClInclude>
    <ClInclude Include="SDCard.h">
      <Filter>Header Files</Filter>
    </ClInclude>
    <ClInclude Include="SetTemperature.h">
      <Filter>Header Files</Filter>
    </ClInclude>
    <ClInclude Include="System.h">
      <Filter>Header Files</Filter>
    </ClInclude>
    <ClInclude Include="Timer.h">
      <Filter>Header Files</Filter>
    </ClInclude>
    <ClInclude Include="TripleBuffer.h">
      <Filter>Header Files</Filter>
    </ClInclude>
    <ClInclude Include="ThermoCouple.h">
      <Filter>Header Files</Filter>
    </ClInclude>
    <ClInclude Include="MeasureAndControl.h">
      <Filter>Header Files</Filter>
    </ClInclude>
    <ClInclude Include="State.h">
      <Filter>Header Files</Filter>
    </ClInclude>
    <ClInclude Include="Fonts\FreeSansBold8pt7b.h">
      <Filter>Fonts</Filter>
    </ClInclude>
    <ClInclude Include="Fonts\FreeSans7pt7b.h">
      <Filter>Fonts</Filter>
    </ClInclude>
    <ClInclude Include="Fonts\FreeSans8pt7b.h">
      <Filter>Fonts</Filter>
    </ClInclude>
    <ClInclude Include="Fonts\FreeSansBold7pt7b.h">
      <Filter>Fonts</Filter>
    </ClInclude>
    <ClInclude Include="Fonts\FreeSansBold32pt7b.h">
      <Filter>Fonts</Filter>
    </ClInclude>
    <ClInclude Include="RotaryEncoder.h">
      <Filter>Header Files</Filter>
    </ClInclude>
  </ItemGroup>
  <ItemGroup>
    <ClCompile Include="Battery.cpp">
      <Filter>Source Files</Filter>
    </ClCompile>
    <ClCompile Include="logo.cpp">
      <Filter>Source Files</Filter>
    </ClCompile>
    <ClCompile Include="Screen.cpp">
      <Filter>Source Files</Filter>
    </ClCompile>
    <ClCompile Include="SDCard.cpp">
      <Filter>Source Files</Filter>
    </ClCompile>
    <ClCompile Include="SetTemperature.cpp">
      <Filter>Source Files</Filter>
    </ClCompile>
    <ClCompile Include="System.cpp">
      <Filter>Source Files</Filter>
    </ClCompile>
    <ClCompile Include="Timer.cpp">
      <Filter>Source Files</Filter>
    </ClCompile>
    <ClCompile Include="ThermoCouple.cpp">
      <Filter>Source Files</Filter>
    </ClCompile>
    <ClCompile Include="MeasureAndControl.cpp">
      <Filter>Source Files</Filter>
    </ClCompile>
    <ClCompile Include="Constants.h">
      <Filter>Header Files</Filter>
    </ClCompile>
    <ClCompile Include="RotaryEncoder.cpp">
      <Filter>Source Files</Filter>
    </ClCompile>
  </ItemGroup>
</Project>